{
  "version": 4,
  "terraform_version": "1.16.1",
  "serial": 33,
  "lineage": "28de8682-8720-ebe1-5622-1ff04386b52c",
  "outputs": {},
  "resources": [
    {
      "mode": "managed",
      "type": "yandex_compute_disk",
      "name": "compute_vm_boot",
      "provider": "provider[\"registry.terraform.io/yandex-cloud/yandex\"]",
      "instances": [
        {
          "schema_version": 0,
          "attributes": {
            "allow_recreate": null,
            "block_size": 4096,
            "created_at": "2026-05-14T14:56:46Z",
            "description": "",
            "disk_placement_policy": [
              {
                "disk_placement_group_id": ""
              }
            ],
            "folder_id": "b1g3744tuar8c7qdvg0e",
            "hardware_generation": [
              {
                "generation2_features": [],
                "legacy_features": [
                  {
                    "pci_topology": "PCI_TOPOLOGY_V2"
                  }
                ]
              }
            ],
            "id": "epdlf8n6psa02ttg8584",
            "image_id": "fd89mp67446a6rcc4s08",
            "kms_key_id": null,
            "labels": {},
            "name": "disk-ubuntu-24-04-lts-1778770257546",
            "product_ids": [
              "f2eloo1qd2q2aoooarvm"
            ],
            "size": 40,
            "snapshot_id": "",
            "status": "ready",
            "timeouts": null,
            "type": "network-ssd",
            "zone": "ru-central1-b"
          },
          "sensitive_attributes": [],
          "identity_schema_version": 0,
          "private": "eyJlMmJmYjczMC1lY2FhLTExZTYtOGY4OC0zNDM2M2JjN2M0YzAiOnsiY3JlYXRlIjozMDAwMDAwMDAwMDAsImRlbGV0ZSI6MzAwMDAwMDAwMDAwLCJ1cGRhdGUiOjMwMDAwMDAwMDAwMH0sInNjaGVtYV92ZXJzaW9uIjoiMCJ9"
        }
      ]
    },
    {
      "mode": "managed",
      "type": "yandex_compute_instance",
      "name": "compute_vm",
      "provider": "provider[\"registry.terraform.io/yandex-cloud/yandex\"]",
      "instances": [
        {
          "schema_version": 1,
          "attributes": {
            "allow_recreate": null,
            "allow_stopping_for_update": null,
            "boot_disk": [
              {
                "auto_delete": true,
                "device_name": "epdlf8n6psa02ttg8584",
                "disk_id": "epdlf8n6psa02ttg8584",
                "initialize_params": [
                  {
                    "block_size": 4096,
                    "description": "",
                    "image_id": "fd89mp67446a6rcc4s08",
                    "kms_key_id": "",
                    "name": "disk-ubuntu-24-04-lts-1778770257546",
                    "size": 40,
                    "snapshot_id": "",
                    "type": "network-ssd"
                  }
                ],
                "mode": "READ_WRITE"
              }
            ],
            "created_at": "2026-05-14T14:56:29Z",
            "description": "пока что используется для поднятия раннеров",
            "filesystem": [],
            "folder_id": "b1g3744tuar8c7qdvg0e",
            "fqdn": "compute-vm.ru-central1.internal",
            "gpu_cluster_id": "",
            "hardware_generation": [
              {
                "generation2_features": [],
                "legacy_features": [
                  {
                    "pci_topology": "PCI_TOPOLOGY_V2"
                  }
                ]
              }
            ],
            "hostname": "compute-vm",
            "id": "epdl07nj4qdhe0jnlh90",
            "labels": {},
            "local_disk": [],
            "maintenance_grace_period": "",
            "maintenance_policy": null,
            "metadata": {
              "serial-port-enable": "1",
              "ssh-keys": "addons4d:ssh-rsa AAAAB3NzaC1yc2EAAAADAQABAAABAQCyH3vaYRwelJZNjnAQIuHuO+IuJcMWOTvK1COcYA8W9TNVZJnZgVQeuKoFdZV4D+rN8LeixyRVUIMIgusCalGUrl79n8Nv73HRLHMS7lGcT71fzFO/V6FGJ4evHpTbapqEswD/o4d5p52Pg0/UOx3tOccfPUZ/3FXnXgA7NN5E2Yq7LvGOA93aFcSDeSuM5hAm3XiyyE7YrXm+urkugFsFEkszdYX1/tiMkzUMUD8e5Jga1sVNBeKYZkeCCVHqwo/Nkz5pqy1IBfIR4MEOVOU20M4hhlc0WvmSesRLut4y4kWPmApQIfpVY0btIgQ1KrAcgyjhA6lSUpbisptnLFoV",
              "user-data": "#cloud-config\ndatasource:\n Ec2:\n  strict_id: false\nssh_pwauth: no\nusers:\n- name: addons4d\n  sudo: ALL=(ALL) NOPASSWD:ALL\n  shell: /bin/bash\n  ssh_authorized_keys:\n  - ssh-rsa AAAAB3NzaC1yc2EAAAADAQABAAABAQCyH3vaYRwelJZNjnAQIuHuO+IuJcMWOTvK1COcYA8W9TNVZJnZgVQeuKoFdZV4D+rN8LeixyRVUIMIgusCalGUrl79n8Nv73HRLHMS7lGcT71fzFO/V6FGJ4evHpTbapqEswD/o4d5p52Pg0/UOx3tOccfPUZ/3FXnXgA7NN5E2Yq7LvGOA93aFcSDeSuM5hAm3XiyyE7YrXm+urkugFsFEkszdYX1/tiMkzUMUD8e5Jga1sVNBeKYZkeCCVHqwo/Nkz5pqy1IBfIR4MEOVOU20M4hhlc0WvmSesRLut4y4kWPmApQIfpVY0btIgQ1KrAcgyjhA6lSUpbisptnLFoV"
            },
            "metadata_options": [
              {
                "aws_v1_http_endpoint": 1,
                "aws_v1_http_token": 2,
                "aws_v2_http_endpoint": 1,
                "aws_v2_http_token": 1,
                "gce_http_endpoint": 1,
                "gce_http_token": 1
              }
            ],
            "name": "compute-vm",
            "network_acceleration_type": "standard",
            "network_interface": [
              {
                "dns_record": [],
                "index": 0,
                "ip_address": "10.129.0.16",
                "ipv4": true,
                "ipv6": false,
                "ipv6_address": "",
                "ipv6_dns_record": [],
                "mac_address": "d0:0d:15:01:ef:32",
                "nat": true,
                "nat_dns_record": [],
                "nat_ip_address": "",
                "nat_ip_version": "IPV4",
                "security_group_ids": [
                  "enpnvm9mt47q6j2unjv4"
                ],
                "subnet_id": "e2l9c7r5c3ihr31rc0ol"
              }
            ],
            "placement_policy": [
              {
                "host_affinity_rules": [],
                "placement_group_id": "",
                "placement_group_partition": 0
              }
            ],
            "platform_id": "standard-v4a",
            "reserved_instance_pool_id": "",
            "resources": [
              {
                "core_fraction": 20,
                "cores": 2,
                "gpus": 0,
                "memory": 3
              }
            ],
            "scheduling_policy": [
              {
                "preemptible": true
              }
            ],
            "secondary_disk": [],
            "service_account_id": "",
            "status": "stopped",
            "timeouts": null,
            "zone": "ru-central1-b"
          },
          "sensitive_attributes": [],
          "identity_schema_version": 0,
          "private": "eyJlMmJmYjczMC1lY2FhLTExZTYtOGY4OC0zNDM2M2JjN2M0YzAiOnsiY3JlYXRlIjozMDAwMDAwMDAwMDAsImRlbGV0ZSI6MzAwMDAwMDAwMDAwLCJ1cGRhdGUiOjMwMDAwMDAwMDAwMH0sInNjaGVtYV92ZXJzaW9uIjoiMSJ9"
        }
      ]
    },
    {
      "mode": "managed",
      "type": "yandex_dns_recordset",
      "name": "compute_vm",
      "provider": "provider[\"registry.terraform.io/yandex-cloud/yandex\"]",
      "instances": [
        {
          "schema_version": 0,
          "attributes": {
            "data": [
              "10.129.0.16"
            ],
            "description": "",
            "id": "dns8586fjes3l1dqhu7g/compute-vm.ru-central1.internal./A",
            "name": "compute-vm.ru-central1.internal.",
            "timeouts": null,
            "ttl": 600,
            "type": "A",
            "zone_id": "dns8586fjes3l1dqhu7g"
          },
          "sensitive_attributes": [],
          "identity_schema_version": 0,
          "private": "eyJlMmJmYjczMC1lY2FhLTExZTYtOGY4OC0zNDM2M2JjN2M0YzAiOnsiY3JlYXRlIjozMDAwMDAwMDAwMDAsImRlbGV0ZSI6MzAwMDAwMDAwMDAwLCJ1cGRhdGUiOjMwMDAwMDAwMDAwMH0sInNjaGVtYV92ZXJzaW9uIjoiMCJ9"
        }
      ]
    },
    {
      "mode": "managed",
      "type": "yandex_dns_recordset",
      "name": "compute_vm_ptr",
      "provider": "provider[\"registry.terraform.io/yandex-cloud/yandex\"]",
      "instances": [
        {
          "schema_version": 0,
          "attributes": {
            "data": [
              "compute-vm.ru-central1.internal."
            ],
            "description": "",
            "id": "dns8sv8fctf48p8kr6b7/16.0.129.10.in-addr.arpa./PTR",
            "name": "16.0.129.10.in-addr.arpa.",
            "timeouts": null,
            "ttl": 600,
            "type": "PTR",
            "zone_id": "dns8sv8fctf48p8kr6b7"
          },
          "sensitive_attributes": [],
          "identity_schema_version": 0,
          "private": "eyJlMmJmYjczMC1lY2FhLTExZTYtOGY4OC0zNDM2M2JjN2M0YzAiOnsiY3JlYXRlIjozMDAwMDAwMDAwMDAsImRlbGV0ZSI6MzAwMDAwMDAwMDAwLCJ1cGRhdGUiOjMwMDAwMDAwMDAwMH0sInNjaGVtYV92ZXJzaW9uIjoiMCJ9"
        }
      ]
    },
    {
      "mode": "managed",
      "type": "yandex_dns_recordset",
      "name": "ns_internal",
      "provider": "provider[\"registry.terraform.io/yandex-cloud/yandex\"]",
      "instances": [
        {
          "schema_version": 0,
          "attributes": {
            "data": [
              "10.128.0.2",
              "10.129.0.2",
              "10.130.0.2",
              "10.131.0.2"
            ],
            "description": "",
            "id": "dns8586fjes3l1dqhu7g/ns.internal./A",
            "name": "ns.internal.",
            "timeouts": null,
            "ttl": 600,
            "type": "A",
            "zone_id": "dns8586fjes3l1dqhu7g"
          },
          "sensitive_attributes": [],
          "identity_schema_version": 0,
          "private": "eyJlMmJmYjczMC1lY2FhLTExZTYtOGY4OC0zNDM2M2JjN2M0YzAiOnsiY3JlYXRlIjozMDAwMDAwMDAwMDAsImRlbGV0ZSI6MzAwMDAwMDAwMDAwLCJ1cGRhdGUiOjMwMDAwMDAwMDAwMH0sInNjaGVtYV92ZXJzaW9uIjoiMCJ9"
        }
      ]
    },
    {
      "mode": "managed",
      "type": "yandex_dns_zone",
      "name": "internal",
      "provider": "provider[\"registry.terraform.io/yandex-cloud/yandex\"]",
      "instances": [
        {
          "schema_version": 0,
          "attributes": {
            "created_at": "2026-05-14T14:40:23Z",
            "deletion_protection": false,
            "description": "Automatically created DNS zone \"internal.\" for network (enpii3i3t1ln2t0i8c5k)",
            "folder_id": "b1g3744tuar8c7qdvg0e",
            "id": "dns8586fjes3l1dqhu7g",
            "labels": {},
            "name": "auto-enpii3i3t1ln2t0i8c5k-internal_",
            "private_networks": [
              "enpii3i3t1ln2t0i8c5k"
            ],
            "public": false,
            "timeouts": null,
            "zone": "internal."
          },
          "sensitive_attributes": [],
          "identity_schema_version": 0,
          "private": "eyJlMmJmYjczMC1lY2FhLTExZTYtOGY4OC0zNDM2M2JjN2M0YzAiOnsiY3JlYXRlIjozMDAwMDAwMDAwMDAsImRlbGV0ZSI6MzAwMDAwMDAwMDAwLCJ1cGRhdGUiOjMwMDAwMDAwMDAwMH0sInNjaGVtYV92ZXJzaW9uIjoiMCJ9"
        }
      ]
    },
    {
      "mode": "managed",
      "type": "yandex_dns_zone",
      "name": "reverse",
      "provider": "provider[\"registry.terraform.io/yandex-cloud/yandex\"]",
      "instances": [
        {
          "schema_version": 0,
          "attributes": {
            "created_at": "2026-05-14T14:56:43Z",
            "deletion_protection": false,
            "description": "Automatically created DNS zone \"10.in-addr.arpa.\" for network (enpii3i3t1ln2t0i8c5k)",
            "folder_id": "b1g3744tuar8c7qdvg0e",
            "id": "dns8sv8fctf48p8kr6b7",
            "labels": {},
            "name": "auto-enpii3i3t1ln2t0i8c5k-10_in-addr_arpa_",
            "private_networks": [
              "enpii3i3t1ln2t0i8c5k"
            ],
            "public": false,
            "timeouts": null,
            "zone": "10.in-addr.arpa."
          },
          "sensitive_attributes": [],
          "identity_schema_version": 0,
          "private": "eyJlMmJmYjczMC1lY2FhLTExZTYtOGY4OC0zNDM2M2JjN2M0YzAiOnsiY3JlYXRlIjozMDAwMDAwMDAwMDAsImRlbGV0ZSI6MzAwMDAwMDAwMDAwLCJ1cGRhdGUiOjMwMDAwMDAwMDAwMH0sInNjaGVtYV92ZXJzaW9uIjoiMCJ9"
        }
      ]
    },
    {
      "mode": "managed",
      "type": "yandex_gitlab_instance",
      "name": "otus",
      "provider": "provider[\"registry.terraform.io/yandex-cloud/yandex\"]",
      "instances": [
        {
          "schema_version": 0,
          "attributes": {
            "admin_email": "addons4d@yandex.ru",
            "admin_login": "addons4d",
            "approval_rules_id": "NONE",
            "approval_rules_token": null,
            "backup_retain_period_days": 7,
            "created_at": "2026-05-14T14:39:11Z",
            "deletion_protection": false,
            "description": null,
            "disk_size": 30,
            "domain": "vasyukov-157.gitlab.yandexcloud.net",
            "folder_id": "b1g3744tuar8c7qdvg0e",
            "gitlab_version": "18.9.5",
            "id": "c17bpvt9rfdg967e7esv",
            "labels": null,
            "maintenance_delete_untagged": false,
            "name": "otus-gitlab",
            "resource_preset_id": "s2.micro",
            "status": "STOPPED",
            "subnet_id": "e2l9c7r5c3ihr31rc0ol",
            "timeouts": null,
            "updated_at": "2026-05-14T14:39:11Z"
          },
          "sensitive_attributes": [
            [
              {
                "type": "get_attr",
                "value": "approval_rules_token"
              }
            ]
          ],
          "identity_schema_version": 0
        }
      ]
    },
    {
      "mode": "managed",
      "type": "yandex_iam_service_account",
      "name": "devopsotus",
      "provider": "provider[\"registry.terraform.io/yandex-cloud/yandex\"]",
      "instances": [
        {
          "schema_version": 1,
          "attributes": {
            "created_at": "2026-06-11T12:28:43Z",
            "description": "",
            "expires_at": "1970-01-01T00:00:00Z",
            "folder_id": "b1g3744tuar8c7qdvg0e",
            "id": "ajemnjknf8kckmgc4689",
            "labels": null,
            "name": "devopsotus",
            "service_account_id": "ajemnjknf8kckmgc4689",
            "status": "ACTIVE",
            "timeouts": null
          },
          "sensitive_attributes": [],
          "identity_schema_version": 0
        }
      ]
    },
    {
      "mode": "managed",
      "type": "yandex_kms_symmetric_key",
      "name": "key_1780806086183",
      "provider": "provider[\"registry.terraform.io/yandex-cloud/yandex\"]",
      "instances": [
        {
          "schema_version": 1,
          "attributes": {
            "created_at": "2026-06-07T04:21:37Z",
            "default_algorithm": "AES_256",
            "deletion_protection": false,
            "description": "",
            "folder_id": "b1g3744tuar8c7qdvg0e",
            "id": "abjv3j6k6jg65pg414v9",
            "labels": null,
            "name": "key-1780806086183",
            "rotated_at": "1970-01-01T00:00:00Z",
            "rotation_period": "",
            "status": "ACTIVE",
            "symmetric_key_id": "abjv3j6k6jg65pg414v9",
            "timeouts": null
          },
          "sensitive_attributes": [],
          "identity_schema_version": 0
        }
      ]
    },
    {
      "mode": "managed",
      "type": "yandex_kms_symmetric_key",
      "name": "key_1787321276432",
      "provider": "provider[\"registry.terraform.io/yandex-cloud/yandex\"]",
      "instances": [
        {
          "schema_version": 1,
          "attributes": {
            "created_at": "2026-08-21T14:08:05Z",
            "default_algorithm": "AES_256",
            "deletion_protection": false,
            "description": "",
            "folder_id": "b1g3744tuar8c7qdvg0e",
            "id": "abj7db7ah09lkpj95gld",
            "labels": null,
            "name": "key-1787321276432",
            "rotated_at": "1970-01-01T00:00:00Z",
            "rotation_period": "",
            "status": "ACTIVE",
            "symmetric_key_id": "abj7db7ah09lkpj95gld",
            "timeouts": null
          },
          "sensitive_attributes": [],
          "identity_schema_version": 0
        }
      ]
    },
    {
      "mode": "managed",
      "type": "yandex_kms_symmetric_key",
      "name": "key_1787321464166",
      "provider": "provider[\"registry.terraform.io/yandex-cloud/yandex\"]",
      "instances": [
        {
          "schema_version": 1,
          "attributes": {
            "created_at": "2026-08-21T14:11:10Z",
            "default_algorithm": "AES_256",
            "deletion_protection": false,
            "description": "",
            "folder_id": "b1g3744tuar8c7qdvg0e",
            "id": "abjsfhpcsuos01otpieb",
            "labels": null,
            "name": "key-1787321464166",
            "rotated_at": "1970-01-01T00:00:00Z",
            "rotation_period": "",
            "status": "ACTIVE",
            "symmetric_key_id": "abjsfhpcsuos01otpieb",
            "timeouts": null
          },
          "sensitive_attributes": [],
          "identity_schema_version": 0
        }
      ]
    },
    {
      "mode": "managed",
      "type": "yandex_logging_group",
      "name": "default",
      "provider": "provider[\"registry.terraform.io/yandex-cloud/yandex\"]",
      "instances": [
        {
          "schema_version": 1,
          "attributes": {
            "cloud_id": "b1ghuovhetq23m18lgnh",
            "created_at": "2026-08-10T02:35:26Z",
            "data_stream": "",
            "description": "Auto-created default group",
            "folder_id": "b1g3744tuar8c7qdvg0e",
            "id": "e232ht29qn4keb0ed46a",
            "labels": null,
            "log_group_id": "e232ht29qn4keb0ed46a",
            "name": "default",
            "retention_period": "72h0m0s",
            "status": "ACTIVE",
            "timeouts": null
          },
          "sensitive_attributes": [],
          "identity_schema_version": 0
        }
      ]
    },
    {
      "mode": "managed",
      "type": "yandex_vpc_network",
      "name": "default",
      "provider": "provider[\"registry.terraform.io/yandex-cloud/yandex\"]",
      "instances": [
        {
          "schema_version": 0,
          "attributes": {
            "created_at": "2026-05-14T14:31:16Z",
            "default_security_group_id": "enpnvm9mt47q6j2unjv4",
            "description": "Auto-created network",
            "folder_id": "b1g3744tuar8c7qdvg0e",
            "id": "enpii3i3t1ln2t0i8c5k",
            "labels": {},
            "name": "default",
            "subnet_ids": [
              "ajc9biis00hfea1fdhm2",
              "e2l9c7r5c3ihr31rc0ol",
              "e9bh69c8rpj4vgg0vie3",
              "fl82k1fsebab254r0c7u"
            ],
            "timeouts": null
          },
          "sensitive_attributes": [],
          "identity_schema_version": 0,
          "private": "eyJlMmJmYjczMC1lY2FhLTExZTYtOGY4OC0zNDM2M2JjN2M0YzAiOnsiY3JlYXRlIjo2MDAwMDAwMDAwMCwiZGVsZXRlIjo2MDAwMDAwMDAwMCwidXBkYXRlIjo2MDAwMDAwMDAwMH0sInNjaGVtYV92ZXJzaW9uIjoiMCJ9"
        }
      ]
    },
    {
      "mode": "managed",
      "type": "yandex_vpc_security_group",
      "name": "default",
      "provider": "provider[\"registry.terraform.io/yandex-cloud/yandex\"]",
      "instances": [
        {
          "schema_version": 0,
          "attributes": {
            "created_at": "2026-05-14T14:31:18Z",
            "description": "Default security group for network",
            "egress": [
              {
                "description": "",
                "from_port": -1,
                "id": "enpklaoepte7k36iu1go",
                "labels": {},
                "port": -1,
                "predefined_target": "",
                "protocol": "ANY",
                "security_group_id": "",
                "to_port": -1,
                "v4_cidr_blocks": [
                  "0.0.0.0/0"
                ],
                "v6_cidr_blocks": []
              }
            ],
            "folder_id": "b1g3744tuar8c7qdvg0e",
            "id": "enpnvm9mt47q6j2unjv4",
            "ingress": [
              {
                "description": "",
                "from_port": -1,
                "id": "enpiphclosdht48n6ql4",
                "labels": {},
                "port": -1,
                "predefined_target": "",
                "protocol": "ANY",
                "security_group_id": "",
                "to_port": -1,
                "v4_cidr_blocks": [
                  "0.0.0.0/0"
                ],
                "v6_cidr_blocks": []
              }
            ],
            "labels": {},
            "name": "default-sg-enpii3i3t1ln2t0i8c5k",
            "network_id": "enpii3i3t1ln2t0i8c5k",
            "status": "ACTIVE",
            "timeouts": null
          },
          "sensitive_attributes": [],
          "identity_schema_version": 0,
          "private": "eyJlMmJmYjczMC1lY2FhLTExZTYtOGY4OC0zNDM2M2JjN2M0YzAiOnsiY3JlYXRlIjoxODAwMDAwMDAwMDAsImRlbGV0ZSI6MTgwMDAwMDAwMDAwLCJ1cGRhdGUiOjE4MDAwMDAwMDAwMH0sInNjaGVtYV92ZXJzaW9uIjoiMCJ9"
        }
      ]
    },
    {
      "mode": "managed",
      "type": "yandex_vpc_subnet",
      "name": "default_a",
      "provider": "provider[\"registry.terraform.io/yandex-cloud/yandex\"]",
      "instances": [
        {
          "schema_version": 0,
          "attributes": {
            "created_at": "2026-05-14T14:31:18Z",
            "description": "Auto-created default subnet for zone ru-central1-a in default",
            "dhcp_options": [],
            "folder_id": "b1g3744tuar8c7qdvg0e",
            "id": "e9bh69c8rpj4vgg0vie3",
            "labels": {},
            "name": "default-ru-central1-a",
            "network_id": "enpii3i3t1ln2t0i8c5k",
            "route_table_id": "",
            "timeouts": null,
            "v4_cidr_blocks": [
              "10.128.0.0/24"
            ],
            "v6_cidr_blocks": [],
            "zone": "ru-central1-a"
          },
          "sensitive_attributes": [],
          "identity_schema_version": 0,
          "private": "eyJlMmJmYjczMC1lY2FhLTExZTYtOGY4OC0zNDM2M2JjN2M0YzAiOnsiY3JlYXRlIjoxODAwMDAwMDAwMDAsImRlbGV0ZSI6MTgwMDAwMDAwMDAwLCJ1cGRhdGUiOjE4MDAwMDAwMDAwMH0sInNjaGVtYV92ZXJzaW9uIjoiMCJ9"
        }
      ]
    },
    {
      "mode": "managed",
      "type": "yandex_vpc_subnet",
      "name": "default_b",
      "provider": "provider[\"registry.terraform.io/yandex-cloud/yandex\"]",
      "instances": [
        {
          "schema_version": 0,
          "attributes": {
            "created_at": "2026-05-14T14:31:18Z",
            "description": "Auto-created default subnet for zone ru-central1-b in default",
            "dhcp_options": [],
            "folder_id": "b1g3744tuar8c7qdvg0e",
            "id": "e2l9c7r5c3ihr31rc0ol",
            "labels": {},
            "name": "default-ru-central1-b",
            "network_id": "enpii3i3t1ln2t0i8c5k",
            "route_table_id": "",
            "timeouts": null,
            "v4_cidr_blocks": [
              "10.129.0.0/24"
            ],
            "v6_cidr_blocks": [],
            "zone": "ru-central1-b"
          },
          "sensitive_attributes": [],
          "identity_schema_version": 0,
          "private": "eyJlMmJmYjczMC1lY2FhLTExZTYtOGY4OC0zNDM2M2JjN2M0YzAiOnsiY3JlYXRlIjoxODAwMDAwMDAwMDAsImRlbGV0ZSI6MTgwMDAwMDAwMDAwLCJ1cGRhdGUiOjE4MDAwMDAwMDAwMH0sInNjaGVtYV92ZXJzaW9uIjoiMCJ9"
        }
      ]
    },
    {
      "mode": "managed",
      "type": "yandex_vpc_subnet",
      "name": "default_d",
      "provider": "provider[\"registry.terraform.io/yandex-cloud/yandex\"]",
      "instances": [
        {
          "schema_version": 0,
          "attributes": {
            "created_at": "2026-05-14T14:31:19Z",
            "description": "Auto-created default subnet for zone ru-central1-d in default",
            "dhcp_options": [],
            "folder_id": "b1g3744tuar8c7qdvg0e",
            "id": "fl82k1fsebab254r0c7u",
            "labels": {},
            "name": "default-ru-central1-d",
            "network_id": "enpii3i3t1ln2t0i8c5k",
            "route_table_id": "",
            "timeouts": null,
            "v4_cidr_blocks": [
              "10.130.0.0/24"
            ],
            "v6_cidr_blocks": [],
            "zone": "ru-central1-d"
          },
          "sensitive_attributes": [],
          "identity_schema_version": 0,
          "private": "eyJlMmJmYjczMC1lY2FhLTExZTYtOGY4OC0zNDM2M2JjN2M0YzAiOnsiY3JlYXRlIjoxODAwMDAwMDAwMDAsImRlbGV0ZSI6MTgwMDAwMDAwMDAwLCJ1cGRhdGUiOjE4MDAwMDAwMDAwMH0sInNjaGVtYV92ZXJzaW9uIjoiMCJ9"
        }
      ]
    },
    {
      "mode": "managed",
      "type": "yandex_vpc_subnet",
      "name": "default_e",
      "provider": "provider[\"registry.terraform.io/yandex-cloud/yandex\"]",
      "instances": [
        {
          "schema_version": 0,
          "attributes": {
            "created_at": "2026-05-14T14:31:19Z",
            "description": "Auto-created default subnet for zone ru-central1-e in default",
            "dhcp_options": [],
            "folder_id": "b1g3744tuar8c7qdvg0e",
            "id": "ajc9biis00hfea1fdhm2",
            "labels": {},
            "name": "default-ru-central1-e",
            "network_id": "enpii3i3t1ln2t0i8c5k",
            "route_table_id": "",
            "timeouts": null,
            "v4_cidr_blocks": [
              "10.131.0.0/24"
            ],
            "v6_cidr_blocks": [],
            "zone": "ru-central1-e"
          },
          "sensitive_attributes": [],
          "identity_schema_version": 0,
          "private": "eyJlMmJmYjczMC1lY2FhLTExZTYtOGY4OC0zNDM2M2JjN2M0YzAiOnsiY3JlYXRlIjoxODAwMDAwMDAwMDAsImRlbGV0ZSI6MTgwMDAwMDAwMDAwLCJ1cGRhdGUiOjE4MDAwMDAwMDAwMH0sInNjaGVtYV92ZXJzaW9uIjoiMCJ9"
        }
      ]
    }
  ],
  "check_results": null
}
